
Microsoft Visual Studio Solution File, Format Version 12.00
# Visual Studio Version 16
VisualStudioVersion = 16.0.30517.126
MinimumVisualStudioVersion = 10.0.40219.1
Project("{FAE04EC0-301F-11D3-BF4B-00C04F79EFBC}") = "Produtos2.0", "Produtos2.0.csproj", "{83375D15-E1CD-4082-AEF1-3358EA179397}"
EndProject
Global
	GlobalSection(SolutionConfigurationPlatforms) = preSolution
		Debug|Any CPU = Debug|Any CPU
		Release|Any CPU = Release|Any CPU
	EndGlobalSection
	GlobalSection(ProjectConfigurationPlatforms) = postSolution
		{83375D15-E1CD-4082-AEF1-3358EA179397}.Debug|Any CPU.ActiveCfg = Debug|Any CPU
		{83375D15-E1CD-4082-AEF1-3358EA179397}.Debug|Any CPU.Build.0 = Debug|Any CPU
		{83375D15-E1CD-4082-AEF1-3358EA179397}.Release|Any CPU.ActiveCfg = Release|Any CPU
		{83375D15-E1CD-4082-AEF1-3358EA179397}.Release|Any CPU.Build.0 = Release|Any CPU
	EndGlobalSection
	GlobalSection(SolutionProperties) = preSolution
		HideSolutionNode = FALSE
	EndGlobalSection
	GlobalSection(ExtensibilityGlobals) = postSolution
		SolutionGuid = {599A7606-107C-4A72-B7CF-AC0C7157EDEA}
	EndGlobalSection
EndGlobal
